{
  "version": "5",
  "specifiers": {
    "npm:@discordeno/bot@20": "20.0.0",
    "npm:drizzle-orm@0.33": "0.33.0_postgres@3.4.9",
    "npm:postgres@^3.4.4": "3.4.9"
  },
  "npm": {
    "@discordeno/bot@20.0.0": {
      "integrity": "sha512-fc5oBeI8LkDIkai0hgOz/g5ttmUOlNv2JqReiZcYk+Fs5V+fvWhLipvHJvE0Z1qjvgTguGjqCwoXyKeL5tFP6g==",
      "dependencies": [
        "@discordeno/gateway",
        "@discordeno/rest",
        "@discordeno/types",
        "@discordeno/utils"
      ]
    },
    "@discordeno/gateway@20.0.0": {
      "integrity": "sha512-S3CzIi7ZGvgsxm3otEuCuLT7q2QTgaqkoIbx+IBEUIUasZnvdORcReUyxQKSaSLtHhavR7duUJbLsO6FeNLbRg==",
      "dependencies": [
        "@discordeno/types",
        "@discordeno/utils",
        "ws"
      ],
      "optionalDependencies": [
        "fzstd"
      ]
    },
    "@discordeno/rest@20.0.0": {
      "integrity": "sha512-ZZ5ecWmWSgRvDlGiT2yzhfGQ0wynF8lmHqqjcn+zEpYrsUMk9F9WBUqSDqiIWSABU82vyqqTGiOB1NEDcQ86og==",
      "dependencies": [
        "@discordeno/types",
        "@discordeno/utils"
      ]
    },
    "@discordeno/types@20.0.0": {
      "integrity": "sha512-1NC+VxxseXTF0BvPa8Xq8qIhSF7CZmQ4/5ahQ7/zshSEAqqq/TWooG7fPncPm9SCBJkGbGdzHJ2oh9OCKngoag=="
    },
    "@discordeno/utils@20.0.0": {
      "integrity": "sha512-Hku0nmgcnFI4GzznIbWeiJ1aLE/5/eQPnBIBlJNf2Zxg5yvOFE3XiEA6QpMQKexd01abe7C27rDyLCdvMqMdAQ==",
      "dependencies": [
        "@discordeno/types"
      ]
    },
    "drizzle-orm@0.33.0_postgres@3.4.9": {
      "integrity": "sha512-SHy72R2Rdkz0LEq0PSG/IdvnT3nGiWuRk+2tXZQ90GVq/XQhpCzu/EFT3V2rox+w8MlkBQxifF8pCStNYnERfA==",
      "dependencies": [
        "postgres"
      ],
      "optionalPeers": [
        "postgres"
      ]
    },
    "fzstd@0.1.1": {
      "integrity": "sha512-dkuVSOKKwh3eas5VkJy1AW1vFpet8TA/fGmVA5krThl8YcOVE/8ZIoEA1+U1vEn5ckxxhLirSdY837azmbaNHA=="
    },
    "postgres@3.4.9": {
      "integrity": "sha512-GD3qdB0x1z9xgFI6cdRD6xu2Sp2WCOEoe3mtnyB5Ee0XrrL5Pe+e4CCnJrRMnL1zYtRDZmQQVbvOttLnKDLnaw=="
    },
    "ws@8.21.3": {
      "integrity": "sha512-201TZ/kPWxoPr/OKWjquZR1SWKXcvxdH+e1xrx89b3YbmzLMFCLfnaG1HFIgWzJOEWZ7MvpK++odZufgYR50Rw=="
    }
  },
  "remote": {
    "https://deno.land/std@0.218.0/assert/assert.ts": "bec068b2fccdd434c138a555b19a2c2393b71dfaada02b7d568a01541e67cdc5",
    "https://deno.land/std@0.218.0/assert/assertion_error.ts": "9f689a101ee586c4ce92f52fa7ddd362e86434ffdf1f848e45987dc7689976b8",
    "https://deno.land/std@0.218.0/async/delay.ts": "8e1d18fe8b28ff95885e2bc54eccec1713f57f756053576d8228e6ca110793ad",
    "https://deno.land/std@0.218.0/bytes/concat.ts": "9cac3b4376afbef98ff03588eb3cf948e0d1eb6c27cfe81a7651ab6dd3adc54a",
    "https://deno.land/std@0.218.0/bytes/copy.ts": "f29c03168853720dfe82eaa57793d0b9e3543ebfe5306684182f0f1e3bfd422a",
    "https://deno.land/std@0.218.0/io/buf_reader.ts": "c73aad99491ee6db3d6b001fa4a780e9245c67b9296f5bad9c0fa7384e35d47a",
    "https://deno.land/std@0.218.0/io/buf_writer.ts": "f82f640c8b3a820f600a8da429ad0537037c7d6a78426bbca2396fb1f75d3ef4",
    "https://deno.land/std@0.218.0/io/types.ts": "acecb3074c730b5ff487ba4fe9ce51e67bd982aa07c95e5f5679b7b2f24ad129",
    "https://deno.land/std@0.224.0/assert/_constants.ts": "a271e8ef5a573f1df8e822a6eb9d09df064ad66a4390f21b3e31f820a38e0975",
    "https://deno.land/std@0.224.0/assert/assert.ts": "09d30564c09de846855b7b071e62b5974b001bb72a4b797958fe0660e7849834",
    "https://deno.land/std@0.224.0/assert/assert_almost_equals.ts": "9e416114322012c9a21fa68e187637ce2d7df25bcbdbfd957cd639e65d3cf293",
    "https://deno.land/std@0.224.0/assert/assert_array_includes.ts": "14c5094471bc8e4a7895fc6aa5a184300d8a1879606574cb1cd715ef36a4a3c7",
    "https://deno.land/std@0.224.0/assert/assert_equals.ts": "3bbca947d85b9d374a108687b1a8ba3785a7850436b5a8930d81f34a32cb8c74",
    "https://deno.land/std@0.224.0/assert/assert_exists.ts": "43420cf7f956748ae6ed1230646567b3593cb7a36c5a5327269279c870c5ddfd",
    "https://deno.land/std@0.224.0/assert/assert_false.ts": "3e9be8e33275db00d952e9acb0cd29481a44fa0a4af6d37239ff58d79e8edeff",
    "https://deno.land/std@0.224.0/assert/assert_greater.ts": "5e57b201fd51b64ced36c828e3dfd773412c1a6120c1a5a99066c9b261974e46",
    "https://deno.land/std@0.224.0/assert/assert_greater_or_equal.ts": "9870030f997a08361b6f63400273c2fb1856f5db86c0c3852aab2a002e425c5b",
    "https://deno.land/std@0.224.0/assert/assert_instance_of.ts": "e22343c1fdcacfaea8f37784ad782683ec1cf599ae9b1b618954e9c22f376f2c",
    "https://deno.land/std@0.224.0/assert/assert_is_error.ts": "f856b3bc978a7aa6a601f3fec6603491ab6255118afa6baa84b04426dd3cc491",
    "https://deno.land/std@0.224.0/assert/assert_less.ts": "60b61e13a1982865a72726a5fa86c24fad7eb27c3c08b13883fb68882b307f68",
    "https://deno.land/std@0.224.0/assert/assert_less_or_equal.ts": "d2c84e17faba4afe085e6c9123a63395accf4f9e00150db899c46e67420e0ec3",
    "https://deno.land/std@0.224.0/assert/assert_match.ts": "ace1710dd3b2811c391946954234b5da910c5665aed817943d086d4d4871a8b7",
    "https://deno.land/std@0.224.0/assert/assert_not_equals.ts": "78d45dd46133d76ce624b2c6c09392f6110f0df9b73f911d20208a68dee2ef29",
    "https://deno.land/std@0.224.0/assert/assert_not_instance_of.ts": "3434a669b4d20cdcc5359779301a0588f941ffdc2ad68803c31eabdb4890cf7a",
    "https://deno.land/std@0.224.0/assert/assert_not_match.ts": "df30417240aa2d35b1ea44df7e541991348a063d9ee823430e0b58079a72242a",
    "https://deno.land/std@0.224.0/assert/assert_not_strict_equals.ts": "37f73880bd672709373d6dc2c5f148691119bed161f3020fff3548a0496f71b8",
    "https://deno.land/std@0.224.0/assert/assert_object_match.ts": "411450fd194fdaabc0089ae68f916b545a49d7b7e6d0026e84a54c9e7eed2693",
    "https://deno.land/std@0.224.0/assert/assert_rejects.ts": "4bee1d6d565a5b623146a14668da8f9eb1f026a4f338bbf92b37e43e0aa53c31",
    "https://deno.land/std@0.224.0/assert/assert_strict_equals.ts": "b4f45f0fd2e54d9029171876bd0b42dd9ed0efd8f853ab92a3f50127acfa54f5",
    "https://deno.land/std@0.224.0/assert/assert_string_includes.ts": "496b9ecad84deab72c8718735373feb6cdaa071eb91a98206f6f3cb4285e71b8",
    "https://deno.land/std@0.224.0/assert/assert_throws.ts": "c6508b2879d465898dab2798009299867e67c570d7d34c90a2d235e4553906eb",
    "https://deno.land/std@0.224.0/assert/assertion_error.ts": "ba8752bd27ebc51f723702fac2f54d3e94447598f54264a6653d6413738a8917",
    "https://deno.land/std@0.224.0/assert/equal.ts": "bddf07bb5fc718e10bb72d5dc2c36c1ce5a8bdd3b647069b6319e07af181ac47",
    "https://deno.land/std@0.224.0/assert/fail.ts": "0eba674ffb47dff083f02ced76d5130460bff1a9a68c6514ebe0cdea4abadb68",
    "https://deno.land/std@0.224.0/assert/mod.ts": "48b8cb8a619ea0b7958ad7ee9376500fe902284bb36f0e32c598c3dc34cbd6f3",
    "https://deno.land/std@0.224.0/assert/unimplemented.ts": "8c55a5793e9147b4f1ef68cd66496b7d5ba7a9e7ca30c6da070c1a58da723d73",
    "https://deno.land/std@0.224.0/assert/unreachable.ts": "5ae3dbf63ef988615b93eb08d395dda771c96546565f9e521ed86f6510c29e19",
    "https://deno.land/std@0.224.0/fmt/colors.ts": "508563c0659dd7198ba4bbf87e97f654af3c34eb56ba790260f252ad8012e1c5",
    "https://deno.land/std@0.224.0/internal/diff.ts": "6234a4b493ebe65dc67a18a0eb97ef683626a1166a1906232ce186ae9f65f4e6",
    "https://deno.land/std@0.224.0/internal/format.ts": "0a98ee226fd3d43450245b1844b47003419d34d210fa989900861c79820d21c2",
    "https://deno.land/std@0.224.0/internal/mod.ts": "534125398c8e7426183e12dc255bb635d94e06d0f93c60a297723abe69d3b22e",
    "https://deno.land/x/redis@v0.32.3/backoff.ts": "33e4a6e245f8743fbae0ce583993a671a3ac2ecee433a3e7f0bd77b5dd541d84",
    "https://deno.land/x/redis@v0.32.3/command.ts": "aa2312d4093ec7c72d61d32a71d3d13a33cc6302ca78c8f026e1994e76541e6e",
    "https://deno.land/x/redis@v0.32.3/connection.ts": "393f1960f7ea2569ef5542c1dd7b54d5549487cf21443778553005f762bad879",
    "https://deno.land/x/redis@v0.32.3/errors.ts": "4c47b278c8a87e0f49c0f7a96c74c5bee09e4d5ea19f892923b0281707112d04",
    "https://deno.land/x/redis@v0.32.3/executor.ts": "5ac4c1f7bec44d12ebc0f3702bf074bd3ba6c1aae74953582f6358d2948718e7",
    "https://deno.land/x/redis@v0.32.3/internal/encoding.ts": "0525f7f444a96b92cd36423abdfe221f8d8de4a018dc5cb6750a428a5fc897c2",
    "https://deno.land/x/redis@v0.32.3/internal/symbols.ts": "e36097bab1da1c9fe84a3bb9cb0ed1ec10c3dc7dd0b557769c5c54e15d110dd2",
    "https://deno.land/x/redis@v0.32.3/mod.ts": "a2a2318e67db704c799a13cc840114b9f344a82cf682c933a293e90b1a02b3fa",
    "https://deno.land/x/redis@v0.32.3/pipeline.ts": "f0ec80f58a88e9b9b157155882c2bb3568890e6b4d67ad99760a6fc2c51b47ba",
    "https://deno.land/x/redis@v0.32.3/protocol/deno_streams/command.ts": "8e1e84f6d94637d8814abfac91de0916e97c6ea7d2ccab9ea9e3c9f2de283602",
    "https://deno.land/x/redis@v0.32.3/protocol/deno_streams/mod.ts": "346d473bd4e834e397ca25bbbf1021f44e577adda8d6391a41bd03b7bc8c72f4",
    "https://deno.land/x/redis@v0.32.3/protocol/deno_streams/reply.ts": "2707e9fe18608c1a9a49b4f0094397c7400141b8208170c7bcb128ceb5ddd790",
    "https://deno.land/x/redis@v0.32.3/protocol/shared/command.ts": "71639adc162dac95fa41d701a7112bcd5d5cf3fd22c1307c8840f983628540be",
    "https://deno.land/x/redis@v0.32.3/protocol/shared/protocol.ts": "5b9284ee28ec74dfc723c7c7f07dca8d5f9d303414f36689503622dfdde12551",
    "https://deno.land/x/redis@v0.32.3/protocol/shared/reply.ts": "3311ff66357bacbd60785cb43b97539c341d8a7d963bc5e80cb864ac81909ea5",
    "https://deno.land/x/redis@v0.32.3/protocol/shared/types.ts": "3d1ff5983abc1e4e56c751aaf4672042c87334cd004ce2fc0493575432151e1f",
    "https://deno.land/x/redis@v0.32.3/pubsub.ts": "a36892455b0a4a50af169332a165b0985cc90d84486087f036e507e3137b2afb",
    "https://deno.land/x/redis@v0.32.3/redis.ts": "6ec7be95f64174078279518afff0535d04d7f96d90da36f2e9a9ab9f388cbaa1",
    "https://deno.land/x/redis@v0.32.3/stream.ts": "73b286174d4a02006720c9e2d193754d10e041e8e1450188e32f203a188bbecb",
    "https://deno.land/x/redis@v0.32.3/vendor/https/deno.land/std/async/delay.ts": "947f04fe13f433772d7f2ffdedec7ca61f6246f6fc14ef812ec86c816b6a7442",
    "https://deno.land/x/redis@v0.32.3/vendor/https/deno.land/std/bytes/concat.ts": "1854d7390359fdafdf361a936d066780df08478bbb9cf0a43aecb662cda080f2",
    "https://deno.land/x/redis@v0.32.3/vendor/https/deno.land/std/io/buf_reader.ts": "77a914a2ca9f16a306946599cccfd56f566fbb7d93649216658808457a4232aa",
    "https://deno.land/x/redis@v0.32.3/vendor/https/deno.land/std/io/buf_writer.ts": "906355019613a2b719fda99a59cfcf7c4654694cbbb7ccaa73651a8616c0444a"
  },
  "workspace": {
    "dependencies": [
      "npm:@discordeno/bot@20",
      "npm:drizzle-orm@0.33",
      "npm:postgres@^3.4.4"
    ]
  }
}
